
Microsoft Visual Studio Solution File, Format Version 11.00
# Visual Studio 2010
Project("{6989167D-11E4-40FE-8C1A-2192A86A7E90}") = "wwdisp", "wwdisp.vfproj", "{E60F5C2E-ABA0-4E68-816F-D0167A41185E}"
EndProject
Global
	GlobalSection(SolutionConfigurationPlatforms) = preSolution
		Debug|Win32 = Debug|Win32
		Release|Win32 = Release|Win32
	EndGlobalSection
	GlobalSection(ProjectConfigurationPlatforms) = postSolution
		{E60F5C2E-ABA0-4E68-816F-D0167A41185E}.Debug|Win32.ActiveCfg = Debug|Win32
		{E60F5C2E-ABA0-4E68-816F-D0167A41185E}.Debug|Win32.Build.0 = Debug|Win32
		{E60F5C2E-ABA0-4E68-816F-D0167A41185E}.Release|Win32.ActiveCfg = Release|Win32
		{E60F5C2E-ABA0-4E68-816F-D0167A41185E}.Release|Win32.Build.0 = Release|Win32
	EndGlobalSection
	GlobalSection(SolutionProperties) = preSolution
		HideSolutionNode = FALSE
	EndGlobalSection
EndGlobal
